// !$*UTF8*$!
{
	archiveVersion = 1;
	classes = {
	};
	objectVersion = 56;
	objects = {

/* Begin PBXBuildFile section */
		5D07E57129482A4A00BFFCF1 /* AppDelegate.swift in Sources */ = {isa = PBXBuildFile; fileRef = 5D07E57029482A4A00BFFCF1 /* AppDelegate.swift */; };
		5D07E57329482A4A00BFFCF1 /* SceneDelegate.swift in Sources */ = {isa = PBXBuildFile; fileRef = 5D07E57229482A4A00BFFCF1 /* SceneDelegate.swift */; };
		5D07E57529482A4A00BFFCF1 /* ViewController.swift in Sources */ = {isa = PBXBuildFile; fileRef = 5D07E57429482A4A00BFFCF1 /* ViewController.swift */; };
		5D07E57829482A4A00BFFCF1 /* Main.storyboard in Resources */ = {isa = PBXBuildFile; fileRef = 5D07E57629482A4A00BFFCF1 /* Main.storyboard */; };
		5D07E57B29482A4A00BFFCF1 /* Carousell_CollectionView.xcdatamodeld in Sources */ = {isa = PBXBuildFile; fileRef = 5D07E57929482A4A00BFFCF1 /* Carousell_CollectionView.xcdatamodeld */; };
		5D07E57D29482A4B00BFFCF1 /* Assets.xcassets in Resources */ = {isa = PBXBuildFile; fileRef = 5D07E57C29482A4B00BFFCF1 /* Assets.xcassets */; };
		5D07E58029482A4B00BFFCF1 /* LaunchScreen.storyboard in Resources */ = {isa = PBXBuildFile; fileRef = 5D07E57E29482A4B00BFFCF1 /* LaunchScreen.storyboard */; };
		5D07E58B29482A4C00BFFCF1 /* Carousell_CollectionViewTests.swift in Sources */ = {isa = PBXBuildFile; fileRef = 5D07E58A29482A4C00BFFCF1 /* Carousell_CollectionViewTests.swift */; };
		5D07E59529482A4C00BFFCF1 /* Carousell_CollectionViewUITests.swift in Sources */ = {isa = PBXBuildFile; fileRef = 5D07E59429482A4C00BFFCF1 /* Carousell_CollectionViewUITests.swift */; };
		5D07E59729482A4C00BFFCF1 /* Carousell_CollectionViewUITestsLaunchTests.swift in Sources */ = {isa = PBXBuildFile; fileRef = 5D07E59629482A4C00BFFCF1 /* Carousell_CollectionViewUITestsLaunchTests.swift */; };
		5D4E44CA2948465700F39582 /* CollectionTableViewCell.swift in Sources */ = {isa = PBXBuildFile; fileRef = 5D4E44C92948465700F39582 /* CollectionTableViewCell.swift */; };
		5D4E44CC29484E5B00F39582 /* TileCollectionViewCell.swift in Sources */ = {isa = PBXBuildFile; fileRef = 5D4E44CB29484E5B00F39582 /* TileCollectionViewCell.swift */; };
/* End PBXBuildFile section */

/* Begin PBXContainerItemProxy section */
		5D07E58729482A4C00BFFCF1 /* PBXContainerItemProxy */ = {
			isa = PBXContainerItemProxy;
			containerPortal = 5D07E56529482A4A00BFFCF1 /* Project object */;
			proxyType = 1;
			remoteGlobalIDString = 5D07E56C29482A4A00BFFCF1;
			remoteInfo = "Carousell CollectionView";
		};
		5D07E59129482A4C00BFFCF1 /* PBXContainerItemProxy */ = {
			isa = PBXContainerItemProxy;
			containerPortal = 5D07E56529482A4A00BFFCF1 /* Project object */;
			proxyType = 1;
			remoteGlobalIDString = 5D07E56C29482A4A00BFFCF1;
			remoteInfo = "Carousell CollectionView";
		};
/* End PBXContainerItemProxy section */

/* Begin PBXFileReference section */
		5D07E56D29482A4A00BFFCF1 /* Carousell CollectionView.app */ = {isa = PBXFileReference; explicitFileType = wrapper.application; includeInIndex = 0; path = "Carousell CollectionView.app"; sourceTree = BUILT_PRODUCTS_DIR; };
		5D07E57029482A4A00BFFCF1 /* AppDelegate.swift */ = {isa = PBXFileReference; lastKnownFileType = sourcecode.swift; path = AppDelegate.swift; sourceTree = "<group>"; };
		5D07E57229482A4A00BFFCF1 /* SceneDelegate.swift */ = {isa = PBXFileReference; lastKnownFileType = sourcecode.swift; path = SceneDelegate.swift; sourceTree = "<group>"; };
		5D07E57429482A4A00BFFCF1 /* ViewController.swift */ = {isa = PBXFileReference; lastKnownFileType = sourcecode.swift; path = ViewController.swift; sourceTree = "<group>"; };
		5D07E57729482A4A00BFFCF1 /* Base */ = {isa = PBXFileReference; lastKnownFileType = file.storyboard; name = Base; path = Base.lproj/Main.storyboard; sourceTree = "<group>"; };
		5D07E57A29482A4A00BFFCF1 /* Carousell_CollectionView.xcdatamodel */ = {isa = PBXFileReference; lastKnownFileType = wrapper.xcdatamodel; path = Carousell_CollectionView.xcdatamodel; sourceTree = "<group>"; };
		5D07E57C29482A4B00BFFCF1 /* Assets.xcassets */ = {isa = PBXFileReference; lastKnownFileType = folder.assetcatalog; path = Assets.xcassets; sourceTree = "<group>"; };
		5D07E57F29482A4B00BFFCF1 /* Base */ = {isa = PBXFileReference; lastKnownFileType = file.storyboard; name = Base; path = Base.lproj/LaunchScreen.storyboard; sourceTree = "<group>"; };
		5D07E58129482A4B00BFFCF1 /* Info.plist */ = {isa = PBXFileReference; lastKnownFileType = text.plist.xml; path = Info.plist; sourceTree = "<group>"; };
		5D07E58629482A4C00BFFCF1 /* Carousell CollectionViewTests.xctest */ = {isa = PBXFileReference; explicitFileType = wrapper.cfbundle; includeInIndex = 0; path = "Carousell CollectionViewTests.xctest"; sourceTree = BUILT_PRODUCTS_DIR; };
		5D07E58A29482A4C00BFFCF1 /* Carousell_CollectionViewTests.swift */ = {isa = PBXFileReference; lastKnownFileType = sourcecode.swift; path = Carousell_CollectionViewTests.swift; sourceTree = "<group>"; };
		5D07E59029482A4C00BFFCF1 /* Carousell CollectionViewUITests.xctest */ = {isa = PBXFileReference; explicitFileType = wrapper.cfbundle; includeInIndex = 0; path = "Carousell CollectionViewUITests.xctest"; sourceTree = BUILT_PRODUCTS_DIR; };
		5D07E59429482A4C00BFFCF1 /* Carousell_CollectionViewUITests.swift */ = {isa = PBXFileReference; lastKnownFileType = sourcecode.swift; path = Carousell_CollectionViewUITests.swift; sourceTree = "<group>"; };
		5D07E59629482A4C00BFFCF1 /* Carousell_CollectionViewUITestsLaunchTests.swift */ = {isa = PBXFileReference; lastKnownFileType = sourcecode.swift; path = Carousell_CollectionViewUITestsLaunchTests.swift; sourceTree = "<group>"; };
		5D4E44C92948465700F39582 /* CollectionTableViewCell.swift */ = {isa = PBXFileReference; lastKnownFileType = sourcecode.swift; path = CollectionTableViewCell.swift; sourceTree = "<group>"; };
		5D4E44CB29484E5B00F39582 /* TileCollectionViewCell.swift */ = {isa = PBXFileReference; lastKnownFileType = sourcecode.swift; path = TileCollectionViewCell.swift; sourceTree = "<group>"; };
/* End PBXFileReference section */

/* Begin PBXFrameworksBuildPhase section */
		5D07E56A29482A4A00BFFCF1 /* Frameworks */ = {
			isa = PBXFrameworksBuildPhase;
			buildActionMask = 2147483647;
			files = (
			);
			runOnlyForDeploymentPostprocessing = 0;
		};
		5D07E58329482A4C00BFFCF1 /* Frameworks */ = {
			isa = PBXFrameworksBuildPhase;
			buildActionMask = 2147483647;
			files = (
			);
			runOnlyForDeploymentPostprocessing = 0;
		};
		5D07E58D29482A4C00BFFCF1 /* Frameworks */ = {
			isa = PBXFrameworksBuildPhase;
			buildActionMask = 2147483647;
			files = (
			);
			runOnlyForDeploymentPostprocessing = 0;
		};
/* End PBXFrameworksBuildPhase section */

/* Begin PBXGroup section */
		5D07E56429482A4A00BFFCF1 = {
			isa = PBXGroup;
			children = (
				5D07E56F29482A4A00BFFCF1 /* Carousell CollectionView */,
				5D07E58929482A4C00BFFCF1 /* Carousell CollectionViewTests */,
				5D07E59329482A4C00BFFCF1 /* Carousell CollectionViewUITests */,
				5D07E56E29482A4A00BFFCF1 /* Products */,
			);
			sourceTree = "<group>";
		};
		5D07E56E29482A4A00BFFCF1 /* Products */ = {
			isa = PBXGroup;
			children = (
				5D07E56D29482A4A00BFFCF1 /* Carousell CollectionView.app */,
				5D07E58629482A4C00BFFCF1 /* Carousell CollectionViewTests.xctest */,
				5D07E59029482A4C00BFFCF1 /* Carousell CollectionViewUITests.xctest */,
			);
			name = Products;
			sourceTree = "<group>";
		};
		5D07E56F29482A4A00BFFCF1 /* Carousell CollectionView */ = {
			isa = PBXGroup;
			children = (
				5D07E57029482A4A00BFFCF1 /* AppDelegate.swift */,
				5D07E57229482A4A00BFFCF1 /* SceneDelegate.swift */,
				5D07E57429482A4A00BFFCF1 /* ViewController.swift */,
				5D4E44C92948465700F39582 /* CollectionTableViewCell.swift */,
				5D4E44CB29484E5B00F39582 /* TileCollectionViewCell.swift */,
				5D07E57629482A4A00BFFCF1 /* Main.storyboard */,
				5D07E57C29482A4B00BFFCF1 /* Assets.xcassets */,
				5D07E57E29482A4B00BFFCF1 /* LaunchScreen.storyboard */,
				5D07E58129482A4B00BFFCF1 /* Info.plist */,
				5D07E57929482A4A00BFFCF1 /* Carousell_CollectionView.xcdatamodeld */,
			);
			path = "Carousell CollectionView";
			sourceTree = "<group>";
		};
		5D07E58929482A4C00BFFCF1 /* Carousell CollectionViewTests */ = {
			isa = PBXGroup;
			children = (
				5D07E58A29482A4C00BFFCF1 /* Carousell_CollectionViewTests.swift */,
			);
			path = "Carousell CollectionViewTests";
			sourceTree = "<group>";
		};
		5D07E59329482A4C00BFFCF1 /* Carousell CollectionViewUITests */ = {
			isa = PBXGroup;
			children = (
				5D07E59429482A4C00BFFCF1 /* Carousell_CollectionViewUITests.swift */,
				5D07E59629482A4C00BFFCF1 /* Carousell_CollectionViewUITestsLaunchTests.swift */,
			);
			path = "Carousell CollectionViewUITests";
			sourceTree = "<group>";
		};
/* End PBXGroup section */

/* Begin PBXNativeTarget section */
		5D07E56C29482A4A00BFFCF1 /* Carousell CollectionView */ = {
			isa = PBXNativeTarget;
			buildConfigurationList = 5D07E59A29482A4C00BFFCF1 /* Build configuration list for PBXNativeTarget "Carousell CollectionView" */;
			buildPhases = (
				5D07E56929482A4A00BFFCF1 /* Sources */,
				5D07E56A29482A4A00BFFCF1 /* Frameworks */,
				5D07E56B29482A4A00BFFCF1 /* Resources */,
			);
			buildRules = (
			);
			dependencies = (
			);
			name = "Carousell CollectionView";
			productName = "Carousell CollectionView";
			productReference = 5D07E56D29482A4A00BFFCF1 /* Carousell CollectionView.app */;
			productType = "com.apple.product-type.application";
		};
		5D07E58529482A4C00BFFCF1 /* Carousell CollectionViewTests */ = {
			isa = PBXNativeTarget;
			buildConfigurationList = 5D07E59D29482A4C00BFFCF1 /* Build configuration list for PBXNativeTarget "Carousell CollectionViewTests" */;
			buildPhases = (
				5D07E58229482A4C00BFFCF1 /* Sources */,
				5D07E58329482A4C00BFFCF1 /* Frameworks */,
				5D07E58429482A4C00BFFCF1 /* Resources */,
			);
			buildRules = (
			);
			dependencies = (
				5D07E58829482A4C00BFFCF1 /* PBXTargetDependency */,
			);
			name = "Carousell CollectionViewTests";
			productName = "Carousell CollectionViewTests";
			productReference = 5D07E58629482A4C00BFFCF1 /* Carousell CollectionViewTests.xctest */;
			productType = "com.apple.product-type.bundle.unit-test";
		};
		5D07E58F29482A4C00BFFCF1 /* Carousell CollectionViewUITests */ = {
			isa = PBXNativeTarget;
			buildConfigurationList = 5D07E5A029482A4C00BFFCF1 /* Build configuration list for PBXNativeTarget "Carousell CollectionViewUITests" */;
			buildPhases = (
				5D07E58C29482A4C00BFFCF1 /* Sources */,
				5D07E58D29482A4C00BFFCF1 /* Frameworks */,
				5D07E58E29482A4C00BFFCF1 /* Resources */,
			);
			buildRules = (
			);
			dependencies = (
				5D07E59229482A4C00BFFCF1 /* PBXTargetDependency */,
			);
			name = "Carousell CollectionViewUITests";
			productName = "Carousell CollectionViewUITests";
			productReference = 5D07E59029482A4C00BFFCF1 /* Carousell CollectionViewUITests.xctest */;
			productType = "com.apple.product-type.bundle.ui-testing";
		};
/* End PBXNativeTarget section */

/* Begin PBXProject section */
		5D07E56529482A4A00BFFCF1 /* Project object */ = {
			isa = PBXProject;
			attributes = {
				BuildIndependentTargetsInParallel = 1;
				LastSwiftUpdateCheck = 1410;
				LastUpgradeCheck = 1410;
				TargetAttributes = {
					5D07E56C29482A4A00BFFCF1 = {
						CreatedOnToolsVersion = 14.1;
					};
					5D07E58529482A4C00BFFCF1 = {
						CreatedOnToolsVersion = 14.1;
						TestTargetID = 5D07E56C29482A4A00BFFCF1;
					};
					5D07E58F29482A4C00BFFCF1 = {
						CreatedOnToolsVersion = 14.1;
						TestTargetID = 5D07E56C29482A4A00BFFCF1;
					};
				};
			};
			buildConfigurationList = 5D07E56829482A4A00BFFCF1 /* Build configuration list for PBXProject "Carousell CollectionView" */;
			compatibilityVersion = "Xcode 14.0";
			developmentRegion = en;
			hasScannedForEncodings = 0;
			knownRegions = (
				en,
				Base,
			);
			mainGroup = 5D07E56429482A4A00BFFCF1;
			productRefGroup = 5D07E56E29482A4A00BFFCF1 /* Products */;
			projectDirPath = "";
			projectRoot = "";
			targets = (
				5D07E56C29482A4A00BFFCF1 /* Carousell CollectionView */,
				5D07E58529482A4C00BFFCF1 /* Carousell CollectionViewTests */,
				5D07E58F29482A4C00BFFCF1 /* Carousell CollectionViewUITests */,
			);
		};
/* End PBXProject section */

/* Begin PBXResourcesBuildPhase section */
		5D07E56B29482A4A00BFFCF1 /* Resources */ = {
			isa = PBXResourcesBuildPhase;
			buildActionMask = 2147483647;
			files = (
				5D07E58029482A4B00BFFCF1 /* LaunchScreen.storyboard in Resources */,
				5D07E57D29482A4B00BFFCF1 /* Assets.xcassets in Resources */,
				5D07E57829482A4A00BFFCF1 /* Main.storyboard in Resources */,
			);
			runOnlyForDeploymentPostprocessing = 0;
		};
		5D07E58429482A4C00BFFCF1 /* Resources */ = {
			isa = PBXResourcesBuildPhase;
			buildActionMask = 2147483647;
			files = (
			);
			runOnlyForDeploymentPostprocessing = 0;
		};
		5D07E58E29482A4C00BFFCF1 /* Resources */ = {
			isa = PBXResourcesBuildPhase;
			buildActionMask = 2147483647;
			files = (
			);
			runOnlyForDeploymentPostprocessing = 0;
		};
/* End PBXResourcesBuildPhase section */

/* Begin PBXSourcesBuildPhase section */
		5D07E56929482A4A00BFFCF1 /* Sources */ = {
			isa = PBXSourcesBuildPhase;
			buildActionMask = 2147483647;
			files = (
				5D4E44CC29484E5B00F39582 /* TileCollectionViewCell.swift in Sources */,
				5D4E44CA2948465700F39582 /* CollectionTableViewCell.swift in Sources */,
				5D07E57529482A4A00BFFCF1 /* ViewController.swift in Sources */,
				5D07E57B29482A4A00BFFCF1 /* Carousell_CollectionView.xcdatamodeld in Sources */,
				5D07E57129482A4A00BFFCF1 /* AppDelegate.swift in Sources */,
				5D07E57329482A4A00BFFCF1 /* SceneDelegate.swift in Sources */,
			);
			runOnlyForDeploymentPostprocessing = 0;
		};
		5D07E58229482A4C00BFFCF1 /* Sources */ = {
			isa = PBXSourcesBuildPhase;
			buildActionMask = 2147483647;
			files = (
				5D07E58B29482A4C00BFFCF1 /* Carousell_CollectionViewTests.swift in Sources */,
			);
			runOnlyForDeploymentPostprocessing = 0;
		};
		5D07E58C29482A4C00BFFCF1 /* Sources */ = {
			isa = PBXSourcesBuildPhase;
			buildActionMask = 2147483647;
			files = (
				5D07E59729482A4C00BFFCF1 /* Carousell_CollectionViewUITestsLaunchTests.swift in Sources */,
				5D07E59529482A4C00BFFCF1 /* Carousell_CollectionViewUITests.swift in Sources */,
			);
			runOnlyForDeploymentPostprocessing = 0;
		};
/* End PBXSourcesBuildPhase section */

/* Begin PBXTargetDependency section */
		5D07E58829482A4C00BFFCF1 /* PBXTargetDependency */ = {
			isa = PBXTargetDependency;
			target = 5D07E56C29482A4A00BFFCF1 /* Carousell CollectionView */;
			targetProxy = 5D07E58729482A4C00BFFCF1 /* PBXContainerItemProxy */;
		};
		5D07E59229482A4C00BFFCF1 /* PBXTargetDependency */ = {
			isa = PBXTargetDependency;
			target = 5D07E56C29482A4A00BFFCF1 /* Carousell CollectionView */;
			targetProxy = 5D07E59129482A4C00BFFCF1 /* PBXContainerItemProxy */;
		};
/* End PBXTargetDependency section */

/* Begin PBXVariantGroup section */
		5D07E57629482A4A00BFFCF1 /* Main.storyboard */ = {
			isa = PBXVariantGroup;
			children = (
				5D07E57729482A4A00BFFCF1 /* Base */,
			);
			name = Main.storyboard;
			sourceTree = "<group>";
		};
		5D07E57E29482A4B00BFFCF1 /* LaunchScreen.storyboard */ = {
			isa = PBXVariantGroup;
			children = (
				5D07E57F29482A4B00BFFCF1 /* Base */,
			);
			name = LaunchScreen.storyboard;
			sourceTree = "<group>";
		};
/* End PBXVariantGroup section */

/* Begin XCBuildConfiguration section */
		5D07E59829482A4C00BFFCF1 /* Debug */ = {
			isa = XCBuildConfiguration;
			buildSettings = {
				ALWAYS_SEARCH_USER_PATHS = NO;
				CLANG_ANALYZER_NONNULL = YES;
				CLANG_ANALYZER_NUMBER_OBJECT_CONVERSION = YES_AGGRESSIVE;
				CLANG_CXX_LANGUAGE_STANDARD = "gnu++20";
				CLANG_ENABLE_MODULES = YES;
				CLANG_ENABLE_OBJC_ARC = YES;
				CLANG_ENABLE_OBJC_WEAK = YES;
				CLANG_WARN_BLOCK_CAPTURE_AUTORELEASING = YES;
				CLANG_WARN_BOOL_CONVERSION = YES;
				CLANG_WARN_COMMA = YES;
				CLANG_WARN_CONSTANT_CONVERSION = YES;
				CLANG_WARN_DEPRECATED_OBJC_IMPLEMENTATIONS = YES;
				CLANG_WARN_DIRECT_OBJC_ISA_USAGE = YES_ERROR;
				CLANG_WARN_DOCUMENTATION_COMMENTS = YES;
				CLANG_WARN_EMPTY_BODY = YES;
				CLANG_WARN_ENUM_CONVERSION = YES;
				CLANG_WARN_INFINITE_RECURSION = YES;
				CLANG_WARN_INT_CONVERSION = YES;
				CLANG_WARN_NON_LITERAL_NULL_CONVERSION = YES;
				CLANG_WARN_OBJC_IMPLICIT_RETAIN_SELF = YES;
				CLANG_WARN_OBJC_LITERAL_CONVERSION = YES;
				CLANG_WARN_OBJC_ROOT_CLASS = YES_ERROR;
				CLANG_WARN_QUOTED_INCLUDE_IN_FRAMEWORK_HEADER = YES;
				CLANG_WARN_RANGE_LOOP_ANALYSIS = YES;
				CLANG_WARN_STRICT_PROTOTYPES = YES;
				CLANG_WARN_SUSPICIOUS_MOVE = YES;
				CLANG_WARN_UNGUARDED_AVAILABILITY = YES_AGGRESSIVE;
				CLANG_WARN_UNREACHABLE_CODE = YES;
				CLANG_WARN__DUPLICATE_METHOD_MATCH = YES;
				COPY_PHASE_STRIP = NO;
				DEBUG_INFORMATION_FORMAT = dwarf;
				ENABLE_STRICT_OBJC_MSGSEND = YES;
				ENABLE_TESTABILITY = YES;
				GCC_C_LANGUAGE_STANDARD = gnu11;
				GCC_DYNAMIC_NO_PIC = NO;
				GCC_NO_COMMON_BLOCKS = YES;
				GCC_OPTIMIZATION_LEVEL = 0;
				GCC_PREPROCESSOR_DEFINITIONS = (
					"DEBUG=1",
					"$(inherited)",
				);
				GCC_WARN_64_TO_32_BIT_CONVERSION = YES;
				GCC_WARN_ABOUT_RETURN_TYPE = YES_ERROR;
				GCC_WARN_UNDECLARED_SELECTOR = YES;
				GCC_WARN_UNINITIALIZED_AUTOS = YES_AGGRESSIVE;
				GCC_WARN_UNUSED_FUNCTION = YES;
				GCC_WARN_UNUSED_VARIABLE = YES;
				IPHONEOS_DEPLOYMENT_TARGET = 16.1;
				MTL_ENABLE_DEBUG_INFO = INCLUDE_SOURCE;
				MTL_FAST_MATH = YES;
				ONLY_ACTIVE_ARCH = YES;
				SDKROOT = iphoneos;
				SWIFT_ACTIVE_COMPILATION_CONDITIONS = DEBUG;
				SWIFT_OPTIMIZATION_LEVEL = "-Onone";
			};
			name = Debug;
		};
		5D07E59929482A4C00BFFCF1 /* Release */ = {
			isa = XCBuildConfiguration;
			buildSettings = {
				ALWAYS_SEARCH_USER_PATHS = NO;
				CLANG_ANALYZER_NONNULL = YES;
				CLANG_ANALYZER_NUMBER_OBJECT_CONVERSION = YES_AGGRESSIVE;
				CLANG_CXX_LANGUAGE_STANDARD = "gnu++20";
				CLANG_ENABLE_MODULES = YES;
				CLANG_ENABLE_OBJC_ARC = YES;
				CLANG_ENABLE_OBJC_WEAK = YES;
				CLANG_WARN_BLOCK_CAPTURE_AUTORELEASING = YES;
				CLANG_WARN_BOOL_CONVERSION = YES;
				CLANG_WARN_COMMA = YES;
				CLANG_WARN_CONSTANT_CONVERSION = YES;
				CLANG_WARN_DEPRECATED_OBJC_IMPLEMENTATIONS = YES;
				CLANG_WARN_DIRECT_OBJC_ISA_USAGE = YES_ERROR;
				CLANG_WARN_DOCUMENTATION_COMMENTS = YES;
				CLANG_WARN_EMPTY_BODY = YES;
				CLANG_WARN_ENUM_CONVERSION = YES;
				CLANG_WARN_INFINITE_RECURSION = YES;
				CLANG_WARN_INT_CONVERSION = YES;
				CLANG_WARN_NON_LITERAL_NULL_CONVERSION = YES;
				CLANG_WARN_OBJC_IMPLICIT_RETAIN_SELF = YES;
				CLANG_WARN_OBJC_LITERAL_CONVERSION = YES;
				CLANG_WARN_OBJC_ROOT_CLASS = YES_ERROR;
				CLANG_WARN_QUOTED_INCLUDE_IN_FRAMEWORK_HEADER = YES;
				CLANG_WARN_RANGE_LOOP_ANALYSIS = YES;
				CLANG_WARN_STRICT_PROTOTYPES = YES;
				CLANG_WARN_SUSPICIOUS_MOVE = YES;
				CLANG_WARN_UNGUARDED_AVAILABILITY = YES_AGGRESSIVE;
				CLANG_WARN_UNREACHABLE_CODE = YES;
				CLANG_WARN__DUPLICATE_METHOD_MATCH = YES;
				COPY_PHASE_STRIP = NO;
				DEBUG_INFORMATION_FORMAT = "dwarf-with-dsym";
				ENABLE_NS_ASSERTIONS = NO;
				ENABLE_STRICT_OBJC_MSGSEND = YES;
				GCC_C_LANGUAGE_STANDARD = gnu11;
				GCC_NO_COMMON_BLOCKS = YES;
				GCC_WARN_64_TO_32_BIT_CONVERSION = YES;
				GCC_WARN_ABOUT_RETURN_TYPE = YES_ERROR;
				GCC_WARN_UNDECLARED_SELECTOR = YES;
				GCC_WARN_UNINITIALIZED_AUTOS = YES_AGGRESSIVE;
				GCC_WARN_UNUSED_FUNCTION = YES;
				GCC_WARN_UNUSED_VARIABLE = YES;
				IPHONEOS_DEPLOYMENT_TARGET = 16.1;
				MTL_ENABLE_DEBUG_INFO = NO;
				MTL_FAST_MATH = YES;
				SDKROOT = iphoneos;
				SWIFT_COMPILATION_MODE = wholemodule;
				SWIFT_OPTIMIZATION_LEVEL = "-O";
				VALIDATE_PRODUCT = YES;
			};
			name = Release;
		};
		5D07E59B29482A4C00BFFCF1 /* Debug */ = {
			isa = XCBuildConfiguration;
			buildSettings = {
				ASSETCATALOG_COMPILER_APPICON_NAME = AppIcon;
				ASSETCATALOG_COMPILER_GLOBAL_ACCENT_COLOR_NAME = AccentColor;
				CODE_SIGN_STYLE = Automatic;
				CURRENT_PROJECT_VERSION = 1;
				GENERATE_INFOPLIST_FILE = YES;
				INFOPLIST_FILE = "Carousell CollectionView/Info.plist";
				INFOPLIST_KEY_UIApplicationSupportsIndirectInputEvents = YES;
				INFOPLIST_KEY_UILaunchStoryboardName = LaunchScreen;
				INFOPLIST_KEY_UIMainStoryboardFile = Main;
				INFOPLIST_KEY_UISupportedInterfaceOrientations_iPad = "UIInterfaceOrientationPortrait UIInterfaceOrientationPortraitUpsideDown UIInterfaceOrientationLandscapeLeft UIInterfaceOrientationLandscapeRight";
				INFOPLIST_KEY_UISupportedInterfaceOrientations_iPhone = "UIInterfaceOrientationPortrait UIInterfaceOrientationLandscapeLeft UIInterfaceOrientationLandscapeRight";
				LD_RUNPATH_SEARCH_PATHS = (
					"$(inherited)",
					"@executable_path/Frameworks",
				);
				MARKETING_VERSION = 1.0;
				PRODUCT_BUNDLE_IDENTIFIER = "me.waskito.novanagung.Carousell-CollectionView";
				PRODUCT_NAME = "$(TARGET_NAME)";
				SWIFT_EMIT_LOC_STRINGS = YES;
				SWIFT_VERSION = 5.0;
				TARGETED_DEVICE_FAMILY = "1,2";
			};
			name = Debug;
		};
		5D07E59C29482A4C00BFFCF1 /* Release */ = {
			isa = XCBuildConfiguration;
			buildSettings = {
				ASSETCATALOG_COMPILER_APPICON_NAME = AppIcon;
				ASSETCATALOG_COMPILER_GLOBAL_ACCENT_COLOR_NAME = AccentColor;
				CODE_SIGN_STYLE = Automatic;
				CURRENT_PROJECT_VERSION = 1;
				GENERATE_INFOPLIST_FILE = YES;
				INFOPLIST_FILE = "Carousell CollectionView/Info.plist";
				INFOPLIST_KEY_UIApplicationSupportsIndirectInputEvents = YES;
				INFOPLIST_KEY_UILaunchStoryboardName = LaunchScreen;
				INFOPLIST_KEY_UIMainStoryboardFile = Main;
				INFOPLIST_KEY_UISupportedInterfaceOrientations_iPad = "UIInterfaceOrientationPortrait UIInterfaceOrientationPortraitUpsideDown UIInterfaceOrientationLandscapeLeft UIInterfaceOrientationLandscapeRight";
				INFOPLIST_KEY_UISupportedInterfaceOrientations_iPhone = "UIInterfaceOrientationPortrait UIInterfaceOrientationLandscapeLeft UIInterfaceOrientationLandscapeRight";
				LD_RUNPATH_SEARCH_PATHS = (
					"$(inherited)",
					"@executable_path/Frameworks",
				);
				MARKETING_VERSION = 1.0;
				PRODUCT_BUNDLE_IDENTIFIER = "me.waskito.novanagung.Carousell-CollectionView";
				PRODUCT_NAME = "$(TARGET_NAME)";
				SWIFT_EMIT_LOC_STRINGS = YES;
				SWIFT_VERSION = 5.0;
				TARGETED_DEVICE_FAMILY = "1,2";
			};
			name = Release;
		};
		5D07E59E29482A4C00BFFCF1 /* Debug */ = {
			isa = XCBuildConfiguration;
			buildSettings = {
				ALWAYS_EMBED_SWIFT_STANDARD_LIBRARIES = YES;
				BUNDLE_LOADER = "$(TEST_HOST)";
				CODE_SIGN_STYLE = Automatic;
				CURRENT_PROJECT_VERSION = 1;
				GENERATE_INFOPLIST_FILE = YES;
				IPHONEOS_DEPLOYMENT_TARGET = 16.1;
				MARKETING_VERSION = 1.0;
				PRODUCT_BUNDLE_IDENTIFIER = "me.waskito.novanagung.Carousell-CollectionViewTests";
				PRODUCT_NAME = "$(TARGET_NAME)";
				SWIFT_EMIT_LOC_STRINGS = NO;
				SWIFT_VERSION = 5.0;
				TARGETED_DEVICE_FAMILY = "1,2";
				TEST_HOST = "$(BUILT_PRODUCTS_DIR)/Carousell CollectionView.app/$(BUNDLE_EXECUTABLE_FOLDER_PATH)/Carousell CollectionView";
			};
			name = Debug;
		};
		5D07E59F29482A4C00BFFCF1 /* Release */ = {
			isa = XCBuildConfiguration;
			buildSettings = {
				ALWAYS_EMBED_SWIFT_STANDARD_LIBRARIES = YES;
				BUNDLE_LOADER = "$(TEST_HOST)";
				CODE_SIGN_STYLE = Automatic;
				CURRENT_PROJECT_VERSION = 1;
				GENERATE_INFOPLIST_FILE = YES;
				IPHONEOS_DEPLOYMENT_TARGET = 16.1;
				MARKETING_VERSION = 1.0;
				PRODUCT_BUNDLE_IDENTIFIER = "me.waskito.novanagung.Carousell-CollectionViewTests";
				PRODUCT_NAME = "$(TARGET_NAME)";
				SWIFT_EMIT_LOC_STRINGS = NO;
				SWIFT_VERSION = 5.0;
				TARGETED_DEVICE_FAMILY = "1,2";
				TEST_HOST = "$(BUILT_PRODUCTS_DIR)/Carousell CollectionView.app/$(BUNDLE_EXECUTABLE_FOLDER_PATH)/Carousell CollectionView";
			};
			name = Release;
		};
		5D07E5A129482A4C00BFFCF1 /* Debug */ = {
			isa = XCBuildConfiguration;
			buildSettings = {
				ALWAYS_EMBED_SWIFT_STANDARD_LIBRARIES = YES;
				CODE_SIGN_STYLE = Automatic;
				CURRENT_PROJECT_VERSION = 1;
				GENERATE_INFOPLIST_FILE = YES;
				MARKETING_VERSION = 1.0;
				PRODUCT_BUNDLE_IDENTIFIER = "me.waskito.novanagung.Carousell-CollectionViewUITests";
				PRODUCT_NAME = "$(TARGET_NAME)";
				SWIFT_EMIT_LOC_STRINGS = NO;
				SWIFT_VERSION = 5.0;
				TARGETED_DEVICE_FAMILY = "1,2";
				TEST_TARGET_NAME = "Carousell CollectionView";
			};
			name = Debug;
		};
		5D07E5A229482A4C00BFFCF1 /* Release */ = {
			isa = XCBuildConfiguration;
			buildSettings = {
				ALWAYS_EMBED_SWIFT_STANDARD_LIBRARIES = YES;
				CODE_SIGN_STYLE = Automatic;
				CURRENT_PROJECT_VERSION = 1;
				GENERATE_INFOPLIST_FILE = YES;
				MARKETING_VERSION = 1.0;
				PRODUCT_BUNDLE_IDENTIFIER = "me.waskito.novanagung.Carousell-CollectionViewUITests";
				PRODUCT_NAME = "$(TARGET_NAME)";
				SWIFT_EMIT_LOC_STRINGS = NO;
				SWIFT_VERSION = 5.0;
				TARGETED_DEVICE_FAMILY = "1,2";
				TEST_TARGET_NAME = "Carousell CollectionView";
			};
			name = Release;
		};
/* End XCBuildConfiguration section */

/* Begin XCConfigurationList section */
		5D07E56829482A4A00BFFCF1 /* Build configuration list for PBXProject "Carousell CollectionView" */ = {
			isa = XCConfigurationList;
			buildConfigurations = (
				5D07E59829482A4C00BFFCF1 /* Debug */,
				5D07E59929482A4C00BFFCF1 /* Release */,
			);
			defaultConfigurationIsVisible = 0;
			defaultConfigurationName = Release;
		};
		5D07E59A29482A4C00BFFCF1 /* Build configuration list for PBXNativeTarget "Carousell CollectionView" */ = {
			isa = XCConfigurationList;
			buildConfigurations = (
				5D07E59B29482A4C00BFFCF1 /* Debug */,
				5D07E59C29482A4C00BFFCF1 /* Release */,
			);
			defaultConfigurationIsVisible = 0;
			defaultConfigurationName = Release;
		};
		5D07E59D29482A4C00BFFCF1 /* Build configuration list for PBXNativeTarget "Carousell CollectionViewTests" */ = {
			isa = XCConfigurationList;
			buildConfigurations = (
				5D07E59E29482A4C00BFFCF1 /* Debug */,
				5D07E59F29482A4C00BFFCF1 /* Release */,
			);
			defaultConfigurationIsVisible = 0;
			defaultConfigurationName = Release;
		};
		5D07E5A029482A4C00BFFCF1 /* Build configuration list for PBXNativeTarget "Carousell CollectionViewUITests" */ = {
			isa = XCConfigurationList;
			buildConfigurations = (
				5D07E5A129482A4C00BFFCF1 /* Debug */,
				5D07E5A229482A4C00BFFCF1 /* Release */,
			);
			defaultConfigurationIsVisible = 0;
			defaultConfigurationName = Release;
		};
/* End XCConfigurationList section */

/* Begin XCVersionGroup section */
		5D07E57929482A4A00BFFCF1 /* Carousell_CollectionView.xcdatamodeld */ = {
			isa = XCVersionGroup;
			children = (
				5D07E57A29482A4A00BFFCF1 /* Carousell_CollectionView.xcdatamodel */,
			);
			currentVersion = 5D07E57A29482A4A00BFFCF1 /* Carousell_CollectionView.xcdatamodel */;
			path = Carousell_CollectionView.xcdatamodeld;
			sourceTree = "<group>";
			versionGroupType = wrapper.xcdatamodel;
		};
/* End XCVersionGroup section */
	};
	rootObject = 5D07E56529482A4A00BFFCF1 /* Project object */;
}
